{
  "name": "@octonary/meteor-ejson",
  "version": "0.0.1",
  "lockfileVersion": 1,
  "dependencies": {
    "@octonary/meteor-base64": {
      "version": "0.0.1",
      "resolved": "https://registry.npmjs.org/@octonary/meteor-base64/-/meteor-base64-0.0.1.tgz",
      "integrity": "sha512-/xNf9YS9PC7jY4UazZcCuzd/TVmfr1X/lVmQEkWDs0TnDPMjqOOv00PJELs1OYP+Fq3TkLB8A3Gx+si1VQAwgA=="
    },
    "underscore": {
      "version": "1.8.3",
      "resolved": "https://registry.npmjs.org/underscore/-/underscore-1.8.3.tgz",
      "integrity": "sha1-Tz+1OxBuYJf8+ctBCfKl6b36UCI="
    }
  }
}
