{
  "name": "@octonary/meteor-ejson",
  "version": "0.0.1",
  "lockfileVersion": 1,
  "dependencies": {
    "@octonary/meteor-base64": {
      "version": "0.0.2",
      "resolved": "https://registry.npmjs.org/@octonary/meteor-base64/-/meteor-base64-0.0.2.tgz",
      "integrity": "sha512-Dol25ySJIMO8pdzy7sxzEpZpkkCLPhhqugpS1fHrPlO9Q3RSG2+ErblxY2wdh9+3JP1CIXGxLv4LYDJVAo1ipw=="
    },
    "underscore": {
      "version": "1.8.3",
      "resolved": "https://registry.npmjs.org/underscore/-/underscore-1.8.3.tgz",
      "integrity": "sha1-Tz+1OxBuYJf8+ctBCfKl6b36UCI="
    }
  }
}
